// !$*UTF8*$!
{
	archiveVersion = 1;
	classes = {
	};
	objectVersion = 56;
	objects = {

/* Begin PBXBuildFile section */
		9DC397872BC3F3A2000BB1C4 /* AppDelegate.swift in Sources */ = {isa = PBXBuildFile; fileRef = 9DC397862BC3F3A2000BB1C4 /* AppDelegate.swift */; };
		9DC3978B2BC3F3A2000BB1C4 /* AddBalanceViewController.swift in Sources */ = {isa = PBXBuildFile; fileRef = 9DC3978A2BC3F3A2000BB1C4 /* AddBalanceViewController.swift */; };
		9DC3978E2BC3F3A2000BB1C4 /* Main.storyboard in Resources */ = {isa = PBXBuildFile; fileRef = 9DC3978C2BC3F3A2000BB1C4 /* Main.storyboard */; };
		9DC397912BC3F3A2000BB1C4 /* Splitwise.xcdatamodeld in Sources */ = {isa = PBXBuildFile; fileRef = 9DC3978F2BC3F3A2000BB1C4 /* Splitwise.xcdatamodeld */; };
		9DC397932BC3F3AA000BB1C4 /* Assets.xcassets in Resources */ = {isa = PBXBuildFile; fileRef = 9DC397922BC3F3AA000BB1C4 /* Assets.xcassets */; };
		9DC397962BC3F3AA000BB1C4 /* LaunchScreen.storyboard in Resources */ = {isa = PBXBuildFile; fileRef = 9DC397942BC3F3AA000BB1C4 /* LaunchScreen.storyboard */; };
		9DC397A12BC3F3AB000BB1C4 /* SplitwiseTests.swift in Sources */ = {isa = PBXBuildFile; fileRef = 9DC397A02BC3F3AB000BB1C4 /* SplitwiseTests.swift */; };
		9DC397AB2BC3F3AB000BB1C4 /* SplitwiseUITests.swift in Sources */ = {isa = PBXBuildFile; fileRef = 9DC397AA2BC3F3AB000BB1C4 /* SplitwiseUITests.swift */; };
		9DC397AD2BC3F3AB000BB1C4 /* SplitwiseUITestsLaunchTests.swift in Sources */ = {isa = PBXBuildFile; fileRef = 9DC397AC2BC3F3AB000BB1C4 /* SplitwiseUITestsLaunchTests.swift */; };
		9DC397BA2BC3F6F1000BB1C4 /* BalancesViewController.swift in Sources */ = {isa = PBXBuildFile; fileRef = 9DC397B92BC3F6F0000BB1C4 /* BalancesViewController.swift */; };
		9DC397BC2BC3F831000BB1C4 /* AddBalanceViewModel.swift in Sources */ = {isa = PBXBuildFile; fileRef = 9DC397BB2BC3F831000BB1C4 /* AddBalanceViewModel.swift */; };
		9DC397C02BC408B6000BB1C4 /* BalanceTableViewCell.swift in Sources */ = {isa = PBXBuildFile; fileRef = 9DC397BE2BC408B6000BB1C4 /* BalanceTableViewCell.swift */; };
		9DC397C12BC408B6000BB1C4 /* BalanceTableViewCell.xib in Resources */ = {isa = PBXBuildFile; fileRef = 9DC397BF2BC408B6000BB1C4 /* BalanceTableViewCell.xib */; };
		9DC397C32BC40BAE000BB1C4 /* ViewBalanceViewModel.swift in Sources */ = {isa = PBXBuildFile; fileRef = 9DC397C22BC40BAE000BB1C4 /* ViewBalanceViewModel.swift */; };
/* End PBXBuildFile section */

/* Begin PBXContainerItemProxy section */
		9DC3979D2BC3F3AB000BB1C4 /* PBXContainerItemProxy */ = {
			isa = PBXContainerItemProxy;
			containerPortal = 9DC3977B2BC3F3A2000BB1C4 /* Project object */;
			proxyType = 1;
			remoteGlobalIDString = 9DC397822BC3F3A2000BB1C4;
			remoteInfo = Splitwise;
		};
		9DC397A72BC3F3AB000BB1C4 /* PBXContainerItemProxy */ = {
			isa = PBXContainerItemProxy;
			containerPortal = 9DC3977B2BC3F3A2000BB1C4 /* Project object */;
			proxyType = 1;
			remoteGlobalIDString = 9DC397822BC3F3A2000BB1C4;
			remoteInfo = Splitwise;
		};
/* End PBXContainerItemProxy section */

/* Begin PBXFileReference section */
		9DC397832BC3F3A2000BB1C4 /* Splitwise.app */ = {isa = PBXFileReference; explicitFileType = wrapper.application; includeInIndex = 0; path = Splitwise.app; sourceTree = BUILT_PRODUCTS_DIR; };
		9DC397862BC3F3A2000BB1C4 /* AppDelegate.swift */ = {isa = PBXFileReference; lastKnownFileType = sourcecode.swift; path = AppDelegate.swift; sourceTree = "<group>"; };
		9DC3978A2BC3F3A2000BB1C4 /* AddBalanceViewController.swift */ = {isa = PBXFileReference; lastKnownFileType = sourcecode.swift; path = AddBalanceViewController.swift; sourceTree = "<group>"; };
		9DC3978D2BC3F3A2000BB1C4 /* Base */ = {isa = PBXFileReference; lastKnownFileType = file.storyboard; name = Base; path = Base.lproj/Main.storyboard; sourceTree = "<group>"; };
		9DC397902BC3F3A2000BB1C4 /* Splitwise.xcdatamodel */ = {isa = PBXFileReference; lastKnownFileType = wrapper.xcdatamodel; path = Splitwise.xcdatamodel; sourceTree = "<group>"; };
		9DC397922BC3F3AA000BB1C4 /* Assets.xcassets */ = {isa = PBXFileReference; lastKnownFileType = folder.assetcatalog; path = Assets.xcassets; sourceTree = "<group>"; };
		9DC397952BC3F3AA000BB1C4 /* Base */ = {isa = PBXFileReference; lastKnownFileType = file.storyboard; name = Base; path = Base.lproj/LaunchScreen.storyboard; sourceTree = "<group>"; };
		9DC397972BC3F3AA000BB1C4 /* Info.plist */ = {isa = PBXFileReference; lastKnownFileType = text.plist.xml; path = Info.plist; sourceTree = "<group>"; };
		9DC3979C2BC3F3AB000BB1C4 /* SplitwiseTests.xctest */ = {isa = PBXFileReference; explicitFileType = wrapper.cfbundle; includeInIndex = 0; path = SplitwiseTests.xctest; sourceTree = BUILT_PRODUCTS_DIR; };
		9DC397A02BC3F3AB000BB1C4 /* SplitwiseTests.swift */ = {isa = PBXFileReference; lastKnownFileType = sourcecode.swift; path = SplitwiseTests.swift; sourceTree = "<group>"; };
		9DC397A62BC3F3AB000BB1C4 /* SplitwiseUITests.xctest */ = {isa = PBXFileReference; explicitFileType = wrapper.cfbundle; includeInIndex = 0; path = SplitwiseUITests.xctest; sourceTree = BUILT_PRODUCTS_DIR; };
		9DC397AA2BC3F3AB000BB1C4 /* SplitwiseUITests.swift */ = {isa = PBXFileReference; lastKnownFileType = sourcecode.swift; path = SplitwiseUITests.swift; sourceTree = "<group>"; };
		9DC397AC2BC3F3AB000BB1C4 /* SplitwiseUITestsLaunchTests.swift */ = {isa = PBXFileReference; lastKnownFileType = sourcecode.swift; path = SplitwiseUITestsLaunchTests.swift; sourceTree = "<group>"; };
		9DC397B92BC3F6F0000BB1C4 /* BalancesViewController.swift */ = {isa = PBXFileReference; lastKnownFileType = sourcecode.swift; path = BalancesViewController.swift; sourceTree = "<group>"; };
		9DC397BB2BC3F831000BB1C4 /* AddBalanceViewModel.swift */ = {isa = PBXFileReference; lastKnownFileType = sourcecode.swift; path = AddBalanceViewModel.swift; sourceTree = "<group>"; };
		9DC397BE2BC408B6000BB1C4 /* BalanceTableViewCell.swift */ = {isa = PBXFileReference; lastKnownFileType = sourcecode.swift; path = BalanceTableViewCell.swift; sourceTree = "<group>"; };
		9DC397BF2BC408B6000BB1C4 /* BalanceTableViewCell.xib */ = {isa = PBXFileReference; lastKnownFileType = file.xib; path = BalanceTableViewCell.xib; sourceTree = "<group>"; };
		9DC397C22BC40BAE000BB1C4 /* ViewBalanceViewModel.swift */ = {isa = PBXFileReference; lastKnownFileType = sourcecode.swift; path = ViewBalanceViewModel.swift; sourceTree = "<group>"; };
/* End PBXFileReference section */

/* Begin PBXFrameworksBuildPhase section */
		9DC397802BC3F3A2000BB1C4 /* Frameworks */ = {
			isa = PBXFrameworksBuildPhase;
			buildActionMask = 2147483647;
			files = (
			);
			runOnlyForDeploymentPostprocessing = 0;
		};
		9DC397992BC3F3AB000BB1C4 /* Frameworks */ = {
			isa = PBXFrameworksBuildPhase;
			buildActionMask = 2147483647;
			files = (
			);
			runOnlyForDeploymentPostprocessing = 0;
		};
		9DC397A32BC3F3AB000BB1C4 /* Frameworks */ = {
			isa = PBXFrameworksBuildPhase;
			buildActionMask = 2147483647;
			files = (
			);
			runOnlyForDeploymentPostprocessing = 0;
		};
/* End PBXFrameworksBuildPhase section */

/* Begin PBXGroup section */
		9DC3977A2BC3F3A2000BB1C4 = {
			isa = PBXGroup;
			children = (
				9DC397852BC3F3A2000BB1C4 /* Splitwise */,
				9DC3979F2BC3F3AB000BB1C4 /* SplitwiseTests */,
				9DC397A92BC3F3AB000BB1C4 /* SplitwiseUITests */,
				9DC397842BC3F3A2000BB1C4 /* Products */,
			);
			sourceTree = "<group>";
		};
		9DC397842BC3F3A2000BB1C4 /* Products */ = {
			isa = PBXGroup;
			children = (
				9DC397832BC3F3A2000BB1C4 /* Splitwise.app */,
				9DC3979C2BC3F3AB000BB1C4 /* SplitwiseTests.xctest */,
				9DC397A62BC3F3AB000BB1C4 /* SplitwiseUITests.xctest */,
			);
			name = Products;
			sourceTree = "<group>";
		};
		9DC397852BC3F3A2000BB1C4 /* Splitwise */ = {
			isa = PBXGroup;
			children = (
				9DC397862BC3F3A2000BB1C4 /* AppDelegate.swift */,
				9DC3978A2BC3F3A2000BB1C4 /* AddBalanceViewController.swift */,
				9DC397BB2BC3F831000BB1C4 /* AddBalanceViewModel.swift */,
				9DC397C22BC40BAE000BB1C4 /* ViewBalanceViewModel.swift */,
				9DC397B92BC3F6F0000BB1C4 /* BalancesViewController.swift */,
				9DC397BD2BC40886000BB1C4 /* Cells */,
				9DC3978C2BC3F3A2000BB1C4 /* Main.storyboard */,
				9DC397922BC3F3AA000BB1C4 /* Assets.xcassets */,
				9DC397942BC3F3AA000BB1C4 /* LaunchScreen.storyboard */,
				9DC397972BC3F3AA000BB1C4 /* Info.plist */,
				9DC3978F2BC3F3A2000BB1C4 /* Splitwise.xcdatamodeld */,
			);
			path = Splitwise;
			sourceTree = "<group>";
		};
		9DC3979F2BC3F3AB000BB1C4 /* SplitwiseTests */ = {
			isa = PBXGroup;
			children = (
				9DC397A02BC3F3AB000BB1C4 /* SplitwiseTests.swift */,
			);
			path = SplitwiseTests;
			sourceTree = "<group>";
		};
		9DC397A92BC3F3AB000BB1C4 /* SplitwiseUITests */ = {
			isa = PBXGroup;
			children = (
				9DC397AA2BC3F3AB000BB1C4 /* SplitwiseUITests.swift */,
				9DC397AC2BC3F3AB000BB1C4 /* SplitwiseUITestsLaunchTests.swift */,
			);
			path = SplitwiseUITests;
			sourceTree = "<group>";
		};
		9DC397BD2BC40886000BB1C4 /* Cells */ = {
			isa = PBXGroup;
			children = (
				9DC397BE2BC408B6000BB1C4 /* BalanceTableViewCell.swift */,
				9DC397BF2BC408B6000BB1C4 /* BalanceTableViewCell.xib */,
			);
			path = Cells;
			sourceTree = "<group>";
		};
/* End PBXGroup section */

/* Begin PBXNativeTarget section */
		9DC397822BC3F3A2000BB1C4 /* Splitwise */ = {
			isa = PBXNativeTarget;
			buildConfigurationList = 9DC397B02BC3F3AB000BB1C4 /* Build configuration list for PBXNativeTarget "Splitwise" */;
			buildPhases = (
				9DC3977F2BC3F3A2000BB1C4 /* Sources */,
				9DC397802BC3F3A2000BB1C4 /* Frameworks */,
				9DC397812BC3F3A2000BB1C4 /* Resources */,
			);
			buildRules = (
			);
			dependencies = (
			);
			name = Splitwise;
			productName = Splitwise;
			productReference = 9DC397832BC3F3A2000BB1C4 /* Splitwise.app */;
			productType = "com.apple.product-type.application";
		};
		9DC3979B2BC3F3AB000BB1C4 /* SplitwiseTests */ = {
			isa = PBXNativeTarget;
			buildConfigurationList = 9DC397B32BC3F3AB000BB1C4 /* Build configuration list for PBXNativeTarget "SplitwiseTests" */;
			buildPhases = (
				9DC397982BC3F3AB000BB1C4 /* Sources */,
				9DC397992BC3F3AB000BB1C4 /* Frameworks */,
				9DC3979A2BC3F3AB000BB1C4 /* Resources */,
			);
			buildRules = (
			);
			dependencies = (
				9DC3979E2BC3F3AB000BB1C4 /* PBXTargetDependency */,
			);
			name = SplitwiseTests;
			productName = SplitwiseTests;
			productReference = 9DC3979C2BC3F3AB000BB1C4 /* SplitwiseTests.xctest */;
			productType = "com.apple.product-type.bundle.unit-test";
		};
		9DC397A52BC3F3AB000BB1C4 /* SplitwiseUITests */ = {
			isa = PBXNativeTarget;
			buildConfigurationList = 9DC397B62BC3F3AB000BB1C4 /* Build configuration list for PBXNativeTarget "SplitwiseUITests" */;
			buildPhases = (
				9DC397A22BC3F3AB000BB1C4 /* Sources */,
				9DC397A32BC3F3AB000BB1C4 /* Frameworks */,
				9DC397A42BC3F3AB000BB1C4 /* Resources */,
			);
			buildRules = (
			);
			dependencies = (
				9DC397A82BC3F3AB000BB1C4 /* PBXTargetDependency */,
			);
			name = SplitwiseUITests;
			productName = SplitwiseUITests;
			productReference = 9DC397A62BC3F3AB000BB1C4 /* SplitwiseUITests.xctest */;
			productType = "com.apple.product-type.bundle.ui-testing";
		};
/* End PBXNativeTarget section */

/* Begin PBXProject section */
		9DC3977B2BC3F3A2000BB1C4 /* Project object */ = {
			isa = PBXProject;
			attributes = {
				BuildIndependentTargetsInParallel = 1;
				LastSwiftUpdateCheck = 1420;
				LastUpgradeCheck = 1420;
				TargetAttributes = {
					9DC397822BC3F3A2000BB1C4 = {
						CreatedOnToolsVersion = 14.2;
					};
					9DC3979B2BC3F3AB000BB1C4 = {
						CreatedOnToolsVersion = 14.2;
						TestTargetID = 9DC397822BC3F3A2000BB1C4;
					};
					9DC397A52BC3F3AB000BB1C4 = {
						CreatedOnToolsVersion = 14.2;
						TestTargetID = 9DC397822BC3F3A2000BB1C4;
					};
				};
			};
			buildConfigurationList = 9DC3977E2BC3F3A2000BB1C4 /* Build configuration list for PBXProject "Splitwise" */;
			compatibilityVersion = "Xcode 14.0";
			developmentRegion = en;
			hasScannedForEncodings = 0;
			knownRegions = (
				en,
				Base,
			);
			mainGroup = 9DC3977A2BC3F3A2000BB1C4;
			productRefGroup = 9DC397842BC3F3A2000BB1C4 /* Products */;
			projectDirPath = "";
			projectRoot = "";
			targets = (
				9DC397822BC3F3A2000BB1C4 /* Splitwise */,
				9DC3979B2BC3F3AB000BB1C4 /* SplitwiseTests */,
				9DC397A52BC3F3AB000BB1C4 /* SplitwiseUITests */,
			);
		};
/* End PBXProject section */

/* Begin PBXResourcesBuildPhase section */
		9DC397812BC3F3A2000BB1C4 /* Resources */ = {
			isa = PBXResourcesBuildPhase;
			buildActionMask = 2147483647;
			files = (
				9DC397962BC3F3AA000BB1C4 /* LaunchScreen.storyboard in Resources */,
				9DC397932BC3F3AA000BB1C4 /* Assets.xcassets in Resources */,
				9DC397C12BC408B6000BB1C4 /* BalanceTableViewCell.xib in Resources */,
				9DC3978E2BC3F3A2000BB1C4 /* Main.storyboard in Resources */,
			);
			runOnlyForDeploymentPostprocessing = 0;
		};
		9DC3979A2BC3F3AB000BB1C4 /* Resources */ = {
			isa = PBXResourcesBuildPhase;
			buildActionMask = 2147483647;
			files = (
			);
			runOnlyForDeploymentPostprocessing = 0;
		};
		9DC397A42BC3F3AB000BB1C4 /* Resources */ = {
			isa = PBXResourcesBuildPhase;
			buildActionMask = 2147483647;
			files = (
			);
			runOnlyForDeploymentPostprocessing = 0;
		};
/* End PBXResourcesBuildPhase section */

/* Begin PBXSourcesBuildPhase section */
		9DC3977F2BC3F3A2000BB1C4 /* Sources */ = {
			isa = PBXSourcesBuildPhase;
			buildActionMask = 2147483647;
			files = (
				9DC3978B2BC3F3A2000BB1C4 /* AddBalanceViewController.swift in Sources */,
				9DC397BC2BC3F831000BB1C4 /* AddBalanceViewModel.swift in Sources */,
				9DC397C02BC408B6000BB1C4 /* BalanceTableViewCell.swift in Sources */,
				9DC397872BC3F3A2000BB1C4 /* AppDelegate.swift in Sources */,
				9DC397912BC3F3A2000BB1C4 /* Splitwise.xcdatamodeld in Sources */,
				9DC397C32BC40BAE000BB1C4 /* ViewBalanceViewModel.swift in Sources */,
				9DC397BA2BC3F6F1000BB1C4 /* BalancesViewController.swift in Sources */,
			);
			runOnlyForDeploymentPostprocessing = 0;
		};
		9DC397982BC3F3AB000BB1C4 /* Sources */ = {
			isa = PBXSourcesBuildPhase;
			buildActionMask = 2147483647;
			files = (
				9DC397A12BC3F3AB000BB1C4 /* SplitwiseTests.swift in Sources */,
			);
			runOnlyForDeploymentPostprocessing = 0;
		};
		9DC397A22BC3F3AB000BB1C4 /* Sources */ = {
			isa = PBXSourcesBuildPhase;
			buildActionMask = 2147483647;
			files = (
				9DC397AB2BC3F3AB000BB1C4 /* SplitwiseUITests.swift in Sources */,
				9DC397AD2BC3F3AB000BB1C4 /* SplitwiseUITestsLaunchTests.swift in Sources */,
			);
			runOnlyForDeploymentPostprocessing = 0;
		};
/* End PBXSourcesBuildPhase section */

/* Begin PBXTargetDependency section */
		9DC3979E2BC3F3AB000BB1C4 /* PBXTargetDependency */ = {
			isa = PBXTargetDependency;
			target = 9DC397822BC3F3A2000BB1C4 /* Splitwise */;
			targetProxy = 9DC3979D2BC3F3AB000BB1C4 /* PBXContainerItemProxy */;
		};
		9DC397A82BC3F3AB000BB1C4 /* PBXTargetDependency */ = {
			isa = PBXTargetDependency;
			target = 9DC397822BC3F3A2000BB1C4 /* Splitwise */;
			targetProxy = 9DC397A72BC3F3AB000BB1C4 /* PBXContainerItemProxy */;
		};
/* End PBXTargetDependency section */

/* Begin PBXVariantGroup section */
		9DC3978C2BC3F3A2000BB1C4 /* Main.storyboard */ = {
			isa = PBXVariantGroup;
			children = (
				9DC3978D2BC3F3A2000BB1C4 /* Base */,
			);
			name = Main.storyboard;
			sourceTree = "<group>";
		};
		9DC397942BC3F3AA000BB1C4 /* LaunchScreen.storyboard */ = {
			isa = PBXVariantGroup;
			children = (
				9DC397952BC3F3AA000BB1C4 /* Base */,
			);
			name = LaunchScreen.storyboard;
			sourceTree = "<group>";
		};
/* End PBXVariantGroup section */

/* Begin XCBuildConfiguration section */
		9DC397AE2BC3F3AB000BB1C4 /* Debug */ = {
			isa = XCBuildConfiguration;
			buildSettings = {
				ALWAYS_SEARCH_USER_PATHS = NO;
				CLANG_ANALYZER_NONNULL = YES;
				CLANG_ANALYZER_NUMBER_OBJECT_CONVERSION = YES_AGGRESSIVE;
				CLANG_CXX_LANGUAGE_STANDARD = "gnu++20";
				CLANG_ENABLE_MODULES = YES;
				CLANG_ENABLE_OBJC_ARC = YES;
				CLANG_ENABLE_OBJC_WEAK = YES;
				CLANG_WARN_BLOCK_CAPTURE_AUTORELEASING = YES;
				CLANG_WARN_BOOL_CONVERSION = YES;
				CLANG_WARN_COMMA = YES;
				CLANG_WARN_CONSTANT_CONVERSION = YES;
				CLANG_WARN_DEPRECATED_OBJC_IMPLEMENTATIONS = YES;
				CLANG_WARN_DIRECT_OBJC_ISA_USAGE = YES_ERROR;
				CLANG_WARN_DOCUMENTATION_COMMENTS = YES;
				CLANG_WARN_EMPTY_BODY = YES;
				CLANG_WARN_ENUM_CONVERSION = YES;
				CLANG_WARN_INFINITE_RECURSION = YES;
				CLANG_WARN_INT_CONVERSION = YES;
				CLANG_WARN_NON_LITERAL_NULL_CONVERSION = YES;
				CLANG_WARN_OBJC_IMPLICIT_RETAIN_SELF = YES;
				CLANG_WARN_OBJC_LITERAL_CONVERSION = YES;
				CLANG_WARN_OBJC_ROOT_CLASS = YES_ERROR;
				CLANG_WARN_QUOTED_INCLUDE_IN_FRAMEWORK_HEADER = YES;
				CLANG_WARN_RANGE_LOOP_ANALYSIS = YES;
				CLANG_WARN_STRICT_PROTOTYPES = YES;
				CLANG_WARN_SUSPICIOUS_MOVE = YES;
				CLANG_WARN_UNGUARDED_AVAILABILITY = YES_AGGRESSIVE;
				CLANG_WARN_UNREACHABLE_CODE = YES;
				CLANG_WARN__DUPLICATE_METHOD_MATCH = YES;
				COPY_PHASE_STRIP = NO;
				DEBUG_INFORMATION_FORMAT = dwarf;
				ENABLE_STRICT_OBJC_MSGSEND = YES;
				ENABLE_TESTABILITY = YES;
				GCC_C_LANGUAGE_STANDARD = gnu11;
				GCC_DYNAMIC_NO_PIC = NO;
				GCC_NO_COMMON_BLOCKS = YES;
				GCC_OPTIMIZATION_LEVEL = 0;
				GCC_PREPROCESSOR_DEFINITIONS = (
					"DEBUG=1",
					"$(inherited)",
				);
				GCC_WARN_64_TO_32_BIT_CONVERSION = YES;
				GCC_WARN_ABOUT_RETURN_TYPE = YES_ERROR;
				GCC_WARN_UNDECLARED_SELECTOR = YES;
				GCC_WARN_UNINITIALIZED_AUTOS = YES_AGGRESSIVE;
				GCC_WARN_UNUSED_FUNCTION = YES;
				GCC_WARN_UNUSED_VARIABLE = YES;
				IPHONEOS_DEPLOYMENT_TARGET = 16.2;
				MTL_ENABLE_DEBUG_INFO = INCLUDE_SOURCE;
				MTL_FAST_MATH = YES;
				ONLY_ACTIVE_ARCH = YES;
				SDKROOT = iphoneos;
				SWIFT_ACTIVE_COMPILATION_CONDITIONS = DEBUG;
				SWIFT_OPTIMIZATION_LEVEL = "-Onone";
			};
			name = Debug;
		};
		9DC397AF2BC3F3AB000BB1C4 /* Release */ = {
			isa = XCBuildConfiguration;
			buildSettings = {
				ALWAYS_SEARCH_USER_PATHS = NO;
				CLANG_ANALYZER_NONNULL = YES;
				CLANG_ANALYZER_NUMBER_OBJECT_CONVERSION = YES_AGGRESSIVE;
				CLANG_CXX_LANGUAGE_STANDARD = "gnu++20";
				CLANG_ENABLE_MODULES = YES;
				CLANG_ENABLE_OBJC_ARC = YES;
				CLANG_ENABLE_OBJC_WEAK = YES;
				CLANG_WARN_BLOCK_CAPTURE_AUTORELEASING = YES;
				CLANG_WARN_BOOL_CONVERSION = YES;
				CLANG_WARN_COMMA = YES;
				CLANG_WARN_CONSTANT_CONVERSION = YES;
				CLANG_WARN_DEPRECATED_OBJC_IMPLEMENTATIONS = YES;
				CLANG_WARN_DIRECT_OBJC_ISA_USAGE = YES_ERROR;
				CLANG_WARN_DOCUMENTATION_COMMENTS = YES;
				CLANG_WARN_EMPTY_BODY = YES;
				CLANG_WARN_ENUM_CONVERSION = YES;
				CLANG_WARN_INFINITE_RECURSION = YES;
				CLANG_WARN_INT_CONVERSION = YES;
				CLANG_WARN_NON_LITERAL_NULL_CONVERSION = YES;
				CLANG_WARN_OBJC_IMPLICIT_RETAIN_SELF = YES;
				CLANG_WARN_OBJC_LITERAL_CONVERSION = YES;
				CLANG_WARN_OBJC_ROOT_CLASS = YES_ERROR;
				CLANG_WARN_QUOTED_INCLUDE_IN_FRAMEWORK_HEADER = YES;
				CLANG_WARN_RANGE_LOOP_ANALYSIS = YES;
				CLANG_WARN_STRICT_PROTOTYPES = YES;
				CLANG_WARN_SUSPICIOUS_MOVE = YES;
				CLANG_WARN_UNGUARDED_AVAILABILITY = YES_AGGRESSIVE;
				CLANG_WARN_UNREACHABLE_CODE = YES;
				CLANG_WARN__DUPLICATE_METHOD_MATCH = YES;
				COPY_PHASE_STRIP = NO;
				DEBUG_INFORMATION_FORMAT = "dwarf-with-dsym";
				ENABLE_NS_ASSERTIONS = NO;
				ENABLE_STRICT_OBJC_MSGSEND = YES;
				GCC_C_LANGUAGE_STANDARD = gnu11;
				GCC_NO_COMMON_BLOCKS = YES;
				GCC_WARN_64_TO_32_BIT_CONVERSION = YES;
				GCC_WARN_ABOUT_RETURN_TYPE = YES_ERROR;
				GCC_WARN_UNDECLARED_SELECTOR = YES;
				GCC_WARN_UNINITIALIZED_AUTOS = YES_AGGRESSIVE;
				GCC_WARN_UNUSED_FUNCTION = YES;
				GCC_WARN_UNUSED_VARIABLE = YES;
				IPHONEOS_DEPLOYMENT_TARGET = 16.2;
				MTL_ENABLE_DEBUG_INFO = NO;
				MTL_FAST_MATH = YES;
				SDKROOT = iphoneos;
				SWIFT_COMPILATION_MODE = wholemodule;
				SWIFT_OPTIMIZATION_LEVEL = "-O";
				VALIDATE_PRODUCT = YES;
			};
			name = Release;
		};
		9DC397B12BC3F3AB000BB1C4 /* Debug */ = {
			isa = XCBuildConfiguration;
			buildSettings = {
				ASSETCATALOG_COMPILER_APPICON_NAME = AppIcon;
				ASSETCATALOG_COMPILER_GLOBAL_ACCENT_COLOR_NAME = AccentColor;
				CODE_SIGN_STYLE = Automatic;
				CURRENT_PROJECT_VERSION = 1;
				DEVELOPMENT_TEAM = C3A37WD256;
				GENERATE_INFOPLIST_FILE = YES;
				INFOPLIST_FILE = Splitwise/Info.plist;
				INFOPLIST_KEY_UIApplicationSupportsIndirectInputEvents = YES;
				INFOPLIST_KEY_UILaunchStoryboardName = LaunchScreen;
				INFOPLIST_KEY_UIMainStoryboardFile = Main;
				INFOPLIST_KEY_UISupportedInterfaceOrientations_iPad = "UIInterfaceOrientationPortrait UIInterfaceOrientationPortraitUpsideDown UIInterfaceOrientationLandscapeLeft UIInterfaceOrientationLandscapeRight";
				INFOPLIST_KEY_UISupportedInterfaceOrientations_iPhone = "UIInterfaceOrientationPortrait UIInterfaceOrientationLandscapeLeft UIInterfaceOrientationLandscapeRight";
				LD_RUNPATH_SEARCH_PATHS = (
					"$(inherited)",
					"@executable_path/Frameworks",
				);
				MARKETING_VERSION = 1.0;
				PRODUCT_BUNDLE_IDENTIFIER = com.console.Splitwise;
				PRODUCT_NAME = "$(TARGET_NAME)";
				SWIFT_EMIT_LOC_STRINGS = YES;
				SWIFT_VERSION = 5.0;
				TARGETED_DEVICE_FAMILY = "1,2";
			};
			name = Debug;
		};
		9DC397B22BC3F3AB000BB1C4 /* Release */ = {
			isa = XCBuildConfiguration;
			buildSettings = {
				ASSETCATALOG_COMPILER_APPICON_NAME = AppIcon;
				ASSETCATALOG_COMPILER_GLOBAL_ACCENT_COLOR_NAME = AccentColor;
				CODE_SIGN_STYLE = Automatic;
				CURRENT_PROJECT_VERSION = 1;
				DEVELOPMENT_TEAM = C3A37WD256;
				GENERATE_INFOPLIST_FILE = YES;
				INFOPLIST_FILE = Splitwise/Info.plist;
				INFOPLIST_KEY_UIApplicationSupportsIndirectInputEvents = YES;
				INFOPLIST_KEY_UILaunchStoryboardName = LaunchScreen;
				INFOPLIST_KEY_UIMainStoryboardFile = Main;
				INFOPLIST_KEY_UISupportedInterfaceOrientations_iPad = "UIInterfaceOrientationPortrait UIInterfaceOrientationPortraitUpsideDown UIInterfaceOrientationLandscapeLeft UIInterfaceOrientationLandscapeRight";
				INFOPLIST_KEY_UISupportedInterfaceOrientations_iPhone = "UIInterfaceOrientationPortrait UIInterfaceOrientationLandscapeLeft UIInterfaceOrientationLandscapeRight";
				LD_RUNPATH_SEARCH_PATHS = (
					"$(inherited)",
					"@executable_path/Frameworks",
				);
				MARKETING_VERSION = 1.0;
				PRODUCT_BUNDLE_IDENTIFIER = com.console.Splitwise;
				PRODUCT_NAME = "$(TARGET_NAME)";
				SWIFT_EMIT_LOC_STRINGS = YES;
				SWIFT_VERSION = 5.0;
				TARGETED_DEVICE_FAMILY = "1,2";
			};
			name = Release;
		};
		9DC397B42BC3F3AB000BB1C4 /* Debug */ = {
			isa = XCBuildConfiguration;
			buildSettings = {
				ALWAYS_EMBED_SWIFT_STANDARD_LIBRARIES = YES;
				BUNDLE_LOADER = "$(TEST_HOST)";
				CODE_SIGN_STYLE = Automatic;
				CURRENT_PROJECT_VERSION = 1;
				DEVELOPMENT_TEAM = C3A37WD256;
				GENERATE_INFOPLIST_FILE = YES;
				IPHONEOS_DEPLOYMENT_TARGET = 16.2;
				MARKETING_VERSION = 1.0;
				PRODUCT_BUNDLE_IDENTIFIER = com.console.SplitwiseTests;
				PRODUCT_NAME = "$(TARGET_NAME)";
				SWIFT_EMIT_LOC_STRINGS = NO;
				SWIFT_VERSION = 5.0;
				TARGETED_DEVICE_FAMILY = "1,2";
				TEST_HOST = "$(BUILT_PRODUCTS_DIR)/Splitwise.app/$(BUNDLE_EXECUTABLE_FOLDER_PATH)/Splitwise";
			};
			name = Debug;
		};
		9DC397B52BC3F3AB000BB1C4 /* Release */ = {
			isa = XCBuildConfiguration;
			buildSettings = {
				ALWAYS_EMBED_SWIFT_STANDARD_LIBRARIES = YES;
				BUNDLE_LOADER = "$(TEST_HOST)";
				CODE_SIGN_STYLE = Automatic;
				CURRENT_PROJECT_VERSION = 1;
				DEVELOPMENT_TEAM = C3A37WD256;
				GENERATE_INFOPLIST_FILE = YES;
				IPHONEOS_DEPLOYMENT_TARGET = 16.2;
				MARKETING_VERSION = 1.0;
				PRODUCT_BUNDLE_IDENTIFIER = com.console.SplitwiseTests;
				PRODUCT_NAME = "$(TARGET_NAME)";
				SWIFT_EMIT_LOC_STRINGS = NO;
				SWIFT_VERSION = 5.0;
				TARGETED_DEVICE_FAMILY = "1,2";
				TEST_HOST = "$(BUILT_PRODUCTS_DIR)/Splitwise.app/$(BUNDLE_EXECUTABLE_FOLDER_PATH)/Splitwise";
			};
			name = Release;
		};
		9DC397B72BC3F3AB000BB1C4 /* Debug */ = {
			isa = XCBuildConfiguration;
			buildSettings = {
				ALWAYS_EMBED_SWIFT_STANDARD_LIBRARIES = YES;
				CODE_SIGN_STYLE = Automatic;
				CURRENT_PROJECT_VERSION = 1;
				DEVELOPMENT_TEAM = C3A37WD256;
				GENERATE_INFOPLIST_FILE = YES;
				MARKETING_VERSION = 1.0;
				PRODUCT_BUNDLE_IDENTIFIER = com.console.SplitwiseUITests;
				PRODUCT_NAME = "$(TARGET_NAME)";
				SWIFT_EMIT_LOC_STRINGS = NO;
				SWIFT_VERSION = 5.0;
				TARGETED_DEVICE_FAMILY = "1,2";
				TEST_TARGET_NAME = Splitwise;
			};
			name = Debug;
		};
		9DC397B82BC3F3AB000BB1C4 /* Release */ = {
			isa = XCBuildConfiguration;
			buildSettings = {
				ALWAYS_EMBED_SWIFT_STANDARD_LIBRARIES = YES;
				CODE_SIGN_STYLE = Automatic;
				CURRENT_PROJECT_VERSION = 1;
				DEVELOPMENT_TEAM = C3A37WD256;
				GENERATE_INFOPLIST_FILE = YES;
				MARKETING_VERSION = 1.0;
				PRODUCT_BUNDLE_IDENTIFIER = com.console.SplitwiseUITests;
				PRODUCT_NAME = "$(TARGET_NAME)";
				SWIFT_EMIT_LOC_STRINGS = NO;
				SWIFT_VERSION = 5.0;
				TARGETED_DEVICE_FAMILY = "1,2";
				TEST_TARGET_NAME = Splitwise;
			};
			name = Release;
		};
/* End XCBuildConfiguration section */

/* Begin XCConfigurationList section */
		9DC3977E2BC3F3A2000BB1C4 /* Build configuration list for PBXProject "Splitwise" */ = {
			isa = XCConfigurationList;
			buildConfigurations = (
				9DC397AE2BC3F3AB000BB1C4 /* Debug */,
				9DC397AF2BC3F3AB000BB1C4 /* Release */,
			);
			defaultConfigurationIsVisible = 0;
			defaultConfigurationName = Release;
		};
		9DC397B02BC3F3AB000BB1C4 /* Build configuration list for PBXNativeTarget "Splitwise" */ = {
			isa = XCConfigurationList;
			buildConfigurations = (
				9DC397B12BC3F3AB000BB1C4 /* Debug */,
				9DC397B22BC3F3AB000BB1C4 /* Release */,
			);
			defaultConfigurationIsVisible = 0;
			defaultConfigurationName = Release;
		};
		9DC397B32BC3F3AB000BB1C4 /* Build configuration list for PBXNativeTarget "SplitwiseTests" */ = {
			isa = XCConfigurationList;
			buildConfigurations = (
				9DC397B42BC3F3AB000BB1C4 /* Debug */,
				9DC397B52BC3F3AB000BB1C4 /* Release */,
			);
			defaultConfigurationIsVisible = 0;
			defaultConfigurationName = Release;
		};
		9DC397B62BC3F3AB000BB1C4 /* Build configuration list for PBXNativeTarget "SplitwiseUITests" */ = {
			isa = XCConfigurationList;
			buildConfigurations = (
				9DC397B72BC3F3AB000BB1C4 /* Debug */,
				9DC397B82BC3F3AB000BB1C4 /* Release */,
			);
			defaultConfigurationIsVisible = 0;
			defaultConfigurationName = Release;
		};
/* End XCConfigurationList section */

/* Begin XCVersionGroup section */
		9DC3978F2BC3F3A2000BB1C4 /* Splitwise.xcdatamodeld */ = {
			isa = XCVersionGroup;
			children = (
				9DC397902BC3F3A2000BB1C4 /* Splitwise.xcdatamodel */,
			);
			currentVersion = 9DC397902BC3F3A2000BB1C4 /* Splitwise.xcdatamodel */;
			path = Splitwise.xcdatamodeld;
			sourceTree = "<group>";
			versionGroupType = wrapper.xcdatamodel;
		};
/* End XCVersionGroup section */
	};
	rootObject = 9DC3977B2BC3F3A2000BB1C4 /* Project object */;
}
